
Microsoft Visual Studio Solution File, Format Version 12.00
# Visual Studio Version 17
VisualStudioVersion = 17.0.32014.148
MinimumVisualStudioVersion = 10.0.40219.1
Project("{FAE04EC0-301F-11D3-BF4B-00C04F79EFBC}") = "ZH_Prep_2", "ZH_Prep_2\ZH_Prep_2.csproj", "{1DE3C797-B161-4398-93DC-3EEF4D5FA5C4}"
EndProject
Global
	GlobalSection(SolutionConfigurationPlatforms) = preSolution
		Debug|Any CPU = Debug|Any CPU
		Release|Any CPU = Release|Any CPU
	EndGlobalSection
	GlobalSection(ProjectConfigurationPlatforms) = postSolution
		{1DE3C797-B161-4398-93DC-3EEF4D5FA5C4}.Debug|Any CPU.ActiveCfg = Debug|Any CPU
		{1DE3C797-B161-4398-93DC-3EEF4D5FA5C4}.Debug|Any CPU.Build.0 = Debug|Any CPU
		{1DE3C797-B161-4398-93DC-3EEF4D5FA5C4}.Release|Any CPU.ActiveCfg = Release|Any CPU
		{1DE3C797-B161-4398-93DC-3EEF4D5FA5C4}.Release|Any CPU.Build.0 = Release|Any CPU
	EndGlobalSection
	GlobalSection(SolutionProperties) = preSolution
		HideSolutionNode = FALSE
	EndGlobalSection
	GlobalSection(ExtensibilityGlobals) = postSolution
		SolutionGuid = {1180A121-9F90-4053-AEA9-FD68FE927E30}
	EndGlobalSection
EndGlobal
